
Microsoft Visual Studio Solution File, Format Version 11.00
# Visual Studio 2010
Project("{FAE04EC0-301F-11D3-BF4B-00C04F79EFBC}") = "365IndiesJam2017", "Assembly-CSharp.csproj", "{550666EE-EF40-5C2A-BF2F-6C56C5C7A4B9}"
EndProject
Project("{FAE04EC0-301F-11D3-BF4B-00C04F79EFBC}") = "365IndiesJam2017", "Assembly-CSharp-Editor.csproj", "{D9511B56-0267-84B2-EBB4-131AFB3CED17}"
EndProject
Global
	GlobalSection(SolutionConfigurationPlatforms) = preSolution
		Debug|Any CPU = Debug|Any CPU
		Release|Any CPU = Release|Any CPU
	EndGlobalSection
	GlobalSection(ProjectConfigurationPlatforms) = postSolution
		{550666EE-EF40-5C2A-BF2F-6C56C5C7A4B9}.Debug|Any CPU.ActiveCfg = Debug|Any CPU
		{550666EE-EF40-5C2A-BF2F-6C56C5C7A4B9}.Debug|Any CPU.Build.0 = Debug|Any CPU
		{550666EE-EF40-5C2A-BF2F-6C56C5C7A4B9}.Release|Any CPU.ActiveCfg = Release|Any CPU
		{550666EE-EF40-5C2A-BF2F-6C56C5C7A4B9}.Release|Any CPU.Build.0 = Release|Any CPU
		{D9511B56-0267-84B2-EBB4-131AFB3CED17}.Debug|Any CPU.ActiveCfg = Debug|Any CPU
		{D9511B56-0267-84B2-EBB4-131AFB3CED17}.Debug|Any CPU.Build.0 = Debug|Any CPU
		{D9511B56-0267-84B2-EBB4-131AFB3CED17}.Release|Any CPU.ActiveCfg = Release|Any CPU
		{D9511B56-0267-84B2-EBB4-131AFB3CED17}.Release|Any CPU.Build.0 = Release|Any CPU
	EndGlobalSection
	GlobalSection(SolutionProperties) = preSolution
		HideSolutionNode = FALSE
	EndGlobalSection
	GlobalSection(MonoDevelopProperties) = preSolution
		StartupItem = Assembly-CSharp.csproj
	EndGlobalSection
EndGlobal
